
Microsoft Visual Studio Solution File, Format Version 10.00
# Visual Studio 2008
Project("{FAE04EC0-301F-11D3-BF4B-00C04F79EFBC}") = "EasyG", "WindowsFormsApplication2\EasyG.csproj", "{4BA83B35-C968-42FE-8604-DF52E022AA10}"
EndProject
Global
	GlobalSection(SolutionConfigurationPlatforms) = preSolution
		Debug|Any CPU = Debug|Any CPU
		Debug|x64 = Debug|x64
		Debug|x86 = Debug|x86
		Release|Any CPU = Release|Any CPU
		Release|x64 = Release|x64
		Release|x86 = Release|x86
		testmode|Any CPU = testmode|Any CPU
		testmode|x64 = testmode|x64
		testmode|x86 = testmode|x86
		X86|Any CPU = X86|Any CPU
		X86|x64 = X86|x64
		X86|x86 = X86|x86
	EndGlobalSection
	GlobalSection(ProjectConfigurationPlatforms) = postSolution
		{4BA83B35-C968-42FE-8604-DF52E022AA10}.Debug|Any CPU.ActiveCfg = Debug|Any CPU
		{4BA83B35-C968-42FE-8604-DF52E022AA10}.Debug|Any CPU.Build.0 = Debug|Any CPU
		{4BA83B35-C968-42FE-8604-DF52E022AA10}.Debug|x64.ActiveCfg = Debug|x64
		{4BA83B35-C968-42FE-8604-DF52E022AA10}.Debug|x64.Build.0 = Debug|x64
		{4BA83B35-C968-42FE-8604-DF52E022AA10}.Debug|x86.ActiveCfg = Debug|x86
		{4BA83B35-C968-42FE-8604-DF52E022AA10}.Debug|x86.Build.0 = Debug|x86
		{4BA83B35-C968-42FE-8604-DF52E022AA10}.Release|Any CPU.ActiveCfg = Debug|Any CPU
		{4BA83B35-C968-42FE-8604-DF52E022AA10}.Release|Any CPU.Build.0 = Debug|Any CPU
		{4BA83B35-C968-42FE-8604-DF52E022AA10}.Release|x64.ActiveCfg = Release|x64
		{4BA83B35-C968-42FE-8604-DF52E022AA10}.Release|x64.Build.0 = Release|x64
		{4BA83B35-C968-42FE-8604-DF52E022AA10}.Release|x86.ActiveCfg = Release|x86
		{4BA83B35-C968-42FE-8604-DF52E022AA10}.Release|x86.Build.0 = Release|x86
		{4BA83B35-C968-42FE-8604-DF52E022AA10}.testmode|Any CPU.ActiveCfg = Release|x86
		{4BA83B35-C968-42FE-8604-DF52E022AA10}.testmode|x64.ActiveCfg = Release|x64
		{4BA83B35-C968-42FE-8604-DF52E022AA10}.testmode|x64.Build.0 = Release|x64
		{4BA83B35-C968-42FE-8604-DF52E022AA10}.testmode|x86.ActiveCfg = Release|x86
		{4BA83B35-C968-42FE-8604-DF52E022AA10}.testmode|x86.Build.0 = Release|x86
		{4BA83B35-C968-42FE-8604-DF52E022AA10}.X86|Any CPU.ActiveCfg = Release|x86
		{4BA83B35-C968-42FE-8604-DF52E022AA10}.X86|x64.ActiveCfg = Release|x64
		{4BA83B35-C968-42FE-8604-DF52E022AA10}.X86|x64.Build.0 = Release|x64
		{4BA83B35-C968-42FE-8604-DF52E022AA10}.X86|x86.ActiveCfg = Release|x86
		{4BA83B35-C968-42FE-8604-DF52E022AA10}.X86|x86.Build.0 = Release|x86
	EndGlobalSection
	GlobalSection(SolutionProperties) = preSolution
		HideSolutionNode = FALSE
	EndGlobalSection
EndGlobal
